// !$*UTF8*$!
{
	archiveVersion = 1;
	classes = {
	};
	objectVersion = 46;
	objects = {

/* Begin PBXBuildFile section */
		006D720419952D00008149E2 /* AVFoundation.framework in Frameworks */ = {isa = PBXBuildFile; fileRef = 006D720219952D00008149E2 /* AVFoundation.framework */; };
		006D720519952D00008149E2 /* CoreMedia.framework in Frameworks */ = {isa = PBXBuildFile; fileRef = 006D720319952D00008149E2 /* CoreMedia.framework */; };
		0091D8F90E81B9330029341E /* OpenGL.framework in Frameworks */ = {isa = PBXBuildFile; fileRef = 0091D8F80E81B9330029341E /* OpenGL.framework */; };
		00B784B30FF439BC000DE1D7 /* Accelerate.framework in Frameworks */ = {isa = PBXBuildFile; fileRef = 00B784AF0FF439BC000DE1D7 /* Accelerate.framework */; };
		00B784B40FF439BC000DE1D7 /* AudioToolbox.framework in Frameworks */ = {isa = PBXBuildFile; fileRef = 00B784B00FF439BC000DE1D7 /* AudioToolbox.framework */; };
		00B784B50FF439BC000DE1D7 /* AudioUnit.framework in Frameworks */ = {isa = PBXBuildFile; fileRef = 00B784B10FF439BC000DE1D7 /* AudioUnit.framework */; };
		00B784B60FF439BC000DE1D7 /* CoreAudio.framework in Frameworks */ = {isa = PBXBuildFile; fileRef = 00B784B20FF439BC000DE1D7 /* CoreAudio.framework */; };
		00B9955A1B128DF400A5C623 /* IOKit.framework in Frameworks */ = {isa = PBXBuildFile; fileRef = 00B995581B128DF400A5C623 /* IOKit.framework */; };
		00B9955B1B128DF400A5C623 /* IOSurface.framework in Frameworks */ = {isa = PBXBuildFile; fileRef = 00B995591B128DF400A5C623 /* IOSurface.framework */; };
		3F20C893286E4C550084A46E /* File.cpp in Sources */ = {isa = PBXBuildFile; fileRef = 3F20C88C286E4C550084A46E /* File.cpp */; };
		3F20C894286E4C550084A46E /* GlobalCom.cpp in Sources */ = {isa = PBXBuildFile; fileRef = 3F20C88D286E4C550084A46E /* GlobalCom.cpp */; };
		3F20C895286E4C550084A46E /* InstanciedParticles.cpp in Sources */ = {isa = PBXBuildFile; fileRef = 3F20C88E286E4C550084A46E /* InstanciedParticles.cpp */; };
		3F20C896286E4C550084A46E /* ReactiveCam.cpp in Sources */ = {isa = PBXBuildFile; fileRef = 3F20C88F286E4C550084A46E /* ReactiveCam.cpp */; };
		3F20C897286E4C550084A46E /* SphereParticle.cpp in Sources */ = {isa = PBXBuildFile; fileRef = 3F20C890286E4C550084A46E /* SphereParticle.cpp */; };
		3F20C898286E4C550084A46E /* XMLcom.cpp in Sources */ = {isa = PBXBuildFile; fileRef = 3F20C891286E4C550084A46E /* XMLcom.cpp */; };
		3F20C899286E4C550084A46E /* XMLParser.cpp in Sources */ = {isa = PBXBuildFile; fileRef = 3F20C892286E4C550084A46E /* XMLParser.cpp */; };
		3F20C8A8286E4C750084A46E /* bloom.frag in Resources */ = {isa = PBXBuildFile; fileRef = 3F20C89A286E4C750084A46E /* bloom.frag */; };
		3F20C8A9286E4C750084A46E /* distance_ligth.frag in Resources */ = {isa = PBXBuildFile; fileRef = 3F20C89B286E4C750084A46E /* distance_ligth.frag */; };
		3F20C8AA286E4C750084A46E /* distance_ligth.vert in Resources */ = {isa = PBXBuildFile; fileRef = 3F20C89C286E4C750084A46E /* distance_ligth.vert */; };
		3F20C8AB286E4C750084A46E /* fxaa.frag in Resources */ = {isa = PBXBuildFile; fileRef = 3F20C89D286E4C750084A46E /* fxaa.frag */; };
		3F20C8AD286E4C750084A46E /* hdr.frag in Resources */ = {isa = PBXBuildFile; fileRef = 3F20C89F286E4C750084A46E /* hdr.frag */; };
		3F20C8AE286E4C750084A46E /* instanced_particles.frag in Resources */ = {isa = PBXBuildFile; fileRef = 3F20C8A0286E4C750084A46E /* instanced_particles.frag */; };
		3F20C8AF286E4C750084A46E /* instanced_particles.vert in Resources */ = {isa = PBXBuildFile; fileRef = 3F20C8A1286E4C750084A46E /* instanced_particles.vert */; };
		3F20C8B0286E4C750084A46E /* phong.frag in Resources */ = {isa = PBXBuildFile; fileRef = 3F20C8A2286E4C750084A46E /* phong.frag */; };
		3F20C8B1286E4C750084A46E /* phong.vert in Resources */ = {isa = PBXBuildFile; fileRef = 3F20C8A3286E4C750084A46E /* phong.vert */; };
		3F20C8B3286E4C750084A46E /* wireframe.frag in Resources */ = {isa = PBXBuildFile; fileRef = 3F20C8A5286E4C750084A46E /* wireframe.frag */; };
		3F20C8B4286E4C750084A46E /* wireframe.geom in Resources */ = {isa = PBXBuildFile; fileRef = 3F20C8A6286E4C750084A46E /* wireframe.geom */; };
		3F20C8B5286E4C750084A46E /* wireframe.vert in Resources */ = {isa = PBXBuildFile; fileRef = 3F20C8A7286E4C750084A46E /* wireframe.vert */; };
		3F20C8BF2875975F0084A46E /* color.frag in Resources */ = {isa = PBXBuildFile; fileRef = 3F20C8BE2875975F0084A46E /* color.frag */; };
		3F20C8C12875977E0084A46E /* pass_through.vert in Resources */ = {isa = PBXBuildFile; fileRef = 3F20C8C02875977E0084A46E /* pass_through.vert */; };
		5323E6B20EAFCA74003A9687 /* CoreVideo.framework in Frameworks */ = {isa = PBXBuildFile; fileRef = 5323E6B10EAFCA74003A9687 /* CoreVideo.framework */; };
		8D11072F0486CEB800E47090 /* Cocoa.framework in Frameworks */ = {isa = PBXBuildFile; fileRef = 1058C7A1FEA54F0111CA2CBB /* Cocoa.framework */; };
		D1D7FBA14F3A460C99B27912 /* CinderApp.icns in Resources */ = {isa = PBXBuildFile; fileRef = 7DAFE19EA33048E59CF0B18B /* CinderApp.icns */; };
		E5137F6C97DD4017BB71A9EB /* hoofeli04App.cpp in Sources */ = {isa = PBXBuildFile; fileRef = 23DCC101F6F54ECE8CCCB856 /* hoofeli04App.cpp */; };
/* End PBXBuildFile section */

/* Begin PBXFileReference section */
		006D720219952D00008149E2 /* AVFoundation.framework */ = {isa = PBXFileReference; lastKnownFileType = wrapper.framework; name = AVFoundation.framework; path = System/Library/Frameworks/AVFoundation.framework; sourceTree = SDKROOT; };
		006D720319952D00008149E2 /* CoreMedia.framework */ = {isa = PBXFileReference; lastKnownFileType = wrapper.framework; name = CoreMedia.framework; path = System/Library/Frameworks/CoreMedia.framework; sourceTree = SDKROOT; };
		0091D8F80E81B9330029341E /* OpenGL.framework */ = {isa = PBXFileReference; lastKnownFileType = wrapper.framework; name = OpenGL.framework; path = /System/Library/Frameworks/OpenGL.framework; sourceTree = "<absolute>"; };
		00B784AF0FF439BC000DE1D7 /* Accelerate.framework */ = {isa = PBXFileReference; lastKnownFileType = wrapper.framework; name = Accelerate.framework; path = System/Library/Frameworks/Accelerate.framework; sourceTree = SDKROOT; };
		00B784B00FF439BC000DE1D7 /* AudioToolbox.framework */ = {isa = PBXFileReference; lastKnownFileType = wrapper.framework; name = AudioToolbox.framework; path = System/Library/Frameworks/AudioToolbox.framework; sourceTree = SDKROOT; };
		00B784B10FF439BC000DE1D7 /* AudioUnit.framework */ = {isa = PBXFileReference; lastKnownFileType = wrapper.framework; name = AudioUnit.framework; path = System/Library/Frameworks/AudioUnit.framework; sourceTree = SDKROOT; };
		00B784B20FF439BC000DE1D7 /* CoreAudio.framework */ = {isa = PBXFileReference; lastKnownFileType = wrapper.framework; name = CoreAudio.framework; path = System/Library/Frameworks/CoreAudio.framework; sourceTree = SDKROOT; };
		00B995581B128DF400A5C623 /* IOKit.framework */ = {isa = PBXFileReference; lastKnownFileType = wrapper.framework; name = IOKit.framework; path = System/Library/Frameworks/IOKit.framework; sourceTree = SDKROOT; };
		00B995591B128DF400A5C623 /* IOSurface.framework */ = {isa = PBXFileReference; lastKnownFileType = wrapper.framework; name = IOSurface.framework; path = System/Library/Frameworks/IOSurface.framework; sourceTree = SDKROOT; };
		1058C7A1FEA54F0111CA2CBB /* Cocoa.framework */ = {isa = PBXFileReference; lastKnownFileType = wrapper.framework; name = Cocoa.framework; path = /System/Library/Frameworks/Cocoa.framework; sourceTree = "<absolute>"; };
		23DCC101F6F54ECE8CCCB856 /* hoofeli04App.cpp */ = {isa = PBXFileReference; lastKnownFileType = sourcecode.c.cpp; name = hoofeli04App.cpp; path = ../src/hoofeli04App.cpp; sourceTree = "<group>"; };
		29B97324FDCFA39411CA2CEA /* AppKit.framework */ = {isa = PBXFileReference; lastKnownFileType = wrapper.framework; name = AppKit.framework; path = /System/Library/Frameworks/AppKit.framework; sourceTree = "<absolute>"; };
		29B97325FDCFA39411CA2CEA /* Foundation.framework */ = {isa = PBXFileReference; lastKnownFileType = wrapper.framework; name = Foundation.framework; path = /System/Library/Frameworks/Foundation.framework; sourceTree = "<absolute>"; };
		3F20C885286E4C460084A46E /* File.h */ = {isa = PBXFileReference; fileEncoding = 4; lastKnownFileType = sourcecode.c.h; name = File.h; path = ../include/File.h; sourceTree = "<group>"; };
		3F20C886286E4C460084A46E /* GlobalCom.h */ = {isa = PBXFileReference; fileEncoding = 4; lastKnownFileType = sourcecode.c.h; name = GlobalCom.h; path = ../include/GlobalCom.h; sourceTree = "<group>"; };
		3F20C887286E4C460084A46E /* InstanciedParticles.h */ = {isa = PBXFileReference; fileEncoding = 4; lastKnownFileType = sourcecode.c.h; name = InstanciedParticles.h; path = ../include/InstanciedParticles.h; sourceTree = "<group>"; };
		3F20C888286E4C460084A46E /* ReactiveCam.h */ = {isa = PBXFileReference; fileEncoding = 4; lastKnownFileType = sourcecode.c.h; name = ReactiveCam.h; path = ../include/ReactiveCam.h; sourceTree = "<group>"; };
		3F20C889286E4C460084A46E /* SphereParticle.h */ = {isa = PBXFileReference; fileEncoding = 4; lastKnownFileType = sourcecode.c.h; name = SphereParticle.h; path = ../include/SphereParticle.h; sourceTree = "<group>"; };
		3F20C88A286E4C460084A46E /* XMLcom.h */ = {isa = PBXFileReference; fileEncoding = 4; lastKnownFileType = sourcecode.c.h; name = XMLcom.h; path = ../include/XMLcom.h; sourceTree = "<group>"; };
		3F20C88B286E4C460084A46E /* XMLParser.h */ = {isa = PBXFileReference; fileEncoding = 4; lastKnownFileType = sourcecode.c.h; name = XMLParser.h; path = ../include/XMLParser.h; sourceTree = "<group>"; };
		3F20C88C286E4C550084A46E /* File.cpp */ = {isa = PBXFileReference; fileEncoding = 4; lastKnownFileType = sourcecode.cpp.cpp; name = File.cpp; path = ../src/File.cpp; sourceTree = "<group>"; };
		3F20C88D286E4C550084A46E /* GlobalCom.cpp */ = {isa = PBXFileReference; fileEncoding = 4; lastKnownFileType = sourcecode.cpp.cpp; name = GlobalCom.cpp; path = ../src/GlobalCom.cpp; sourceTree = "<group>"; };
		3F20C88E286E4C550084A46E /* InstanciedParticles.cpp */ = {isa = PBXFileReference; fileEncoding = 4; lastKnownFileType = sourcecode.cpp.cpp; name = InstanciedParticles.cpp; path = ../src/InstanciedParticles.cpp; sourceTree = "<group>"; };
		3F20C88F286E4C550084A46E /* ReactiveCam.cpp */ = {isa = PBXFileReference; fileEncoding = 4; lastKnownFileType = sourcecode.cpp.cpp; name = ReactiveCam.cpp; path = ../src/ReactiveCam.cpp; sourceTree = "<group>"; };
		3F20C890286E4C550084A46E /* SphereParticle.cpp */ = {isa = PBXFileReference; fileEncoding = 4; lastKnownFileType = sourcecode.cpp.cpp; name = SphereParticle.cpp; path = ../src/SphereParticle.cpp; sourceTree = "<group>"; };
		3F20C891286E4C550084A46E /* XMLcom.cpp */ = {isa = PBXFileReference; fileEncoding = 4; lastKnownFileType = sourcecode.cpp.cpp; name = XMLcom.cpp; path = ../src/XMLcom.cpp; sourceTree = "<group>"; };
		3F20C892286E4C550084A46E /* XMLParser.cpp */ = {isa = PBXFileReference; fileEncoding = 4; lastKnownFileType = sourcecode.cpp.cpp; name = XMLParser.cpp; path = ../src/XMLParser.cpp; sourceTree = "<group>"; };
		3F20C89A286E4C750084A46E /* bloom.frag */ = {isa = PBXFileReference; fileEncoding = 4; lastKnownFileType = sourcecode.glsl; name = bloom.frag; path = ../assets/bloom.frag; sourceTree = "<group>"; };
		3F20C89B286E4C750084A46E /* distance_ligth.frag */ = {isa = PBXFileReference; fileEncoding = 4; lastKnownFileType = sourcecode.glsl; name = distance_ligth.frag; path = ../assets/distance_ligth.frag; sourceTree = "<group>"; };
		3F20C89C286E4C750084A46E /* distance_ligth.vert */ = {isa = PBXFileReference; fileEncoding = 4; lastKnownFileType = sourcecode.glsl; name = distance_ligth.vert; path = ../assets/distance_ligth.vert; sourceTree = "<group>"; };
		3F20C89D286E4C750084A46E /* fxaa.frag */ = {isa = PBXFileReference; fileEncoding = 4; lastKnownFileType = sourcecode.glsl; name = fxaa.frag; path = ../assets/fxaa.frag; sourceTree = "<group>"; };
		3F20C89F286E4C750084A46E /* hdr.frag */ = {isa = PBXFileReference; fileEncoding = 4; lastKnownFileType = sourcecode.glsl; name = hdr.frag; path = ../assets/hdr.frag; sourceTree = "<group>"; };
		3F20C8A0286E4C750084A46E /* instanced_particles.frag */ = {isa = PBXFileReference; fileEncoding = 4; lastKnownFileType = sourcecode.glsl; name = instanced_particles.frag; path = ../assets/instanced_particles.frag; sourceTree = "<group>"; };
		3F20C8A1286E4C750084A46E /* instanced_particles.vert */ = {isa = PBXFileReference; fileEncoding = 4; lastKnownFileType = sourcecode.glsl; name = instanced_particles.vert; path = ../assets/instanced_particles.vert; sourceTree = "<group>"; };
		3F20C8A2286E4C750084A46E /* phong.frag */ = {isa = PBXFileReference; fileEncoding = 4; lastKnownFileType = sourcecode.glsl; name = phong.frag; path = ../assets/phong.frag; sourceTree = "<group>"; };
		3F20C8A3286E4C750084A46E /* phong.vert */ = {isa = PBXFileReference; fileEncoding = 4; lastKnownFileType = sourcecode.glsl; name = phong.vert; path = ../assets/phong.vert; sourceTree = "<group>"; };
		3F20C8A5286E4C750084A46E /* wireframe.frag */ = {isa = PBXFileReference; fileEncoding = 4; lastKnownFileType = sourcecode.glsl; name = wireframe.frag; path = ../assets/wireframe.frag; sourceTree = "<group>"; };
		3F20C8A6286E4C750084A46E /* wireframe.geom */ = {isa = PBXFileReference; fileEncoding = 4; lastKnownFileType = sourcecode.glsl; name = wireframe.geom; path = ../assets/wireframe.geom; sourceTree = "<group>"; };
		3F20C8A7286E4C750084A46E /* wireframe.vert */ = {isa = PBXFileReference; fileEncoding = 4; lastKnownFileType = sourcecode.glsl; name = wireframe.vert; path = ../assets/wireframe.vert; sourceTree = "<group>"; };
		3F20C8BE2875975F0084A46E /* color.frag */ = {isa = PBXFileReference; fileEncoding = 4; lastKnownFileType = sourcecode.glsl; name = color.frag; path = ../assets/color.frag; sourceTree = "<group>"; };
		3F20C8C02875977E0084A46E /* pass_through.vert */ = {isa = PBXFileReference; fileEncoding = 4; lastKnownFileType = sourcecode.glsl; name = pass_through.vert; path = ../assets/pass_through.vert; sourceTree = "<group>"; };
		4EC3198253D24CB38E356106 /* Resources.h */ = {isa = PBXFileReference; lastKnownFileType = sourcecode.c.h; name = Resources.h; path = ../include/Resources.h; sourceTree = "<group>"; };
		5323E6B10EAFCA74003A9687 /* CoreVideo.framework */ = {isa = PBXFileReference; lastKnownFileType = wrapper.framework; name = CoreVideo.framework; path = /System/Library/Frameworks/CoreVideo.framework; sourceTree = "<absolute>"; };
		7DAFE19EA33048E59CF0B18B /* CinderApp.icns */ = {isa = PBXFileReference; lastKnownFileType = image.icns; name = CinderApp.icns; path = ../resources/CinderApp.icns; sourceTree = "<group>"; };
		8D1107320486CEB800E47090 /* hoofeli04.app */ = {isa = PBXFileReference; explicitFileType = wrapper.application; includeInIndex = 0; path = hoofeli04.app; sourceTree = BUILT_PRODUCTS_DIR; };
		A8B6EB0508844FCEB0358B9B /* Info.plist */ = {isa = PBXFileReference; lastKnownFileType = text.plist.xml; path = Info.plist; sourceTree = "<group>"; };
		A8C42786C2704DC0989B0B4C /* hoofeli04_Prefix.pch */ = {isa = PBXFileReference; lastKnownFileType = "\"\""; path = hoofeli04_Prefix.pch; sourceTree = "<group>"; };
/* End PBXFileReference section */

/* Begin PBXFrameworksBuildPhase section */
		8D11072E0486CEB800E47090 /* Frameworks */ = {
			isa = PBXFrameworksBuildPhase;
			buildActionMask = 2147483647;
			files = (
				006D720419952D00008149E2 /* AVFoundation.framework in Frameworks */,
				006D720519952D00008149E2 /* CoreMedia.framework in Frameworks */,
				8D11072F0486CEB800E47090 /* Cocoa.framework in Frameworks */,
				0091D8F90E81B9330029341E /* OpenGL.framework in Frameworks */,
				5323E6B20EAFCA74003A9687 /* CoreVideo.framework in Frameworks */,
				00B784B30FF439BC000DE1D7 /* Accelerate.framework in Frameworks */,
				00B784B40FF439BC000DE1D7 /* AudioToolbox.framework in Frameworks */,
				00B784B50FF439BC000DE1D7 /* AudioUnit.framework in Frameworks */,
				00B784B60FF439BC000DE1D7 /* CoreAudio.framework in Frameworks */,
				00B9955A1B128DF400A5C623 /* IOKit.framework in Frameworks */,
				00B9955B1B128DF400A5C623 /* IOSurface.framework in Frameworks */,
			);
			runOnlyForDeploymentPostprocessing = 0;
		};
/* End PBXFrameworksBuildPhase section */

/* Begin PBXGroup section */
		01B97315FEAEA392516A2CEA /* Blocks */ = {
			isa = PBXGroup;
			children = (
			);
			name = Blocks;
			sourceTree = "<group>";
		};
		080E96DDFE201D6D7F000001 /* Source */ = {
			isa = PBXGroup;
			children = (
				23DCC101F6F54ECE8CCCB856 /* hoofeli04App.cpp */,
				3F20C88C286E4C550084A46E /* File.cpp */,
				3F20C88D286E4C550084A46E /* GlobalCom.cpp */,
				3F20C88E286E4C550084A46E /* InstanciedParticles.cpp */,
				3F20C88F286E4C550084A46E /* ReactiveCam.cpp */,
				3F20C890286E4C550084A46E /* SphereParticle.cpp */,
				3F20C891286E4C550084A46E /* XMLcom.cpp */,
				3F20C892286E4C550084A46E /* XMLParser.cpp */,
			);
			name = Source;
			sourceTree = "<group>";
		};
		1058C7A0FEA54F0111CA2CBB /* Linked Frameworks */ = {
			isa = PBXGroup;
			children = (
				006D720219952D00008149E2 /* AVFoundation.framework */,
				006D720319952D00008149E2 /* CoreMedia.framework */,
				00B784AF0FF439BC000DE1D7 /* Accelerate.framework */,
				00B784B00FF439BC000DE1D7 /* AudioToolbox.framework */,
				00B784B10FF439BC000DE1D7 /* AudioUnit.framework */,
				00B784B20FF439BC000DE1D7 /* CoreAudio.framework */,
				5323E6B10EAFCA74003A9687 /* CoreVideo.framework */,
				0091D8F80E81B9330029341E /* OpenGL.framework */,
				1058C7A1FEA54F0111CA2CBB /* Cocoa.framework */,
				00B995581B128DF400A5C623 /* IOKit.framework */,
				00B995591B128DF400A5C623 /* IOSurface.framework */,
			);
			name = "Linked Frameworks";
			sourceTree = "<group>";
		};
		1058C7A2FEA54F0111CA2CBB /* Other Frameworks */ = {
			isa = PBXGroup;
			children = (
				29B97324FDCFA39411CA2CEA /* AppKit.framework */,
				29B97325FDCFA39411CA2CEA /* Foundation.framework */,
			);
			name = "Other Frameworks";
			sourceTree = "<group>";
		};
		19C28FACFE9D520D11CA2CBB /* Products */ = {
			isa = PBXGroup;
			children = (
				8D1107320486CEB800E47090 /* hoofeli04.app */,
			);
			name = Products;
			sourceTree = "<group>";
		};
		29B97314FDCFA39411CA2CEA /* hoofeli04 */ = {
			isa = PBXGroup;
			children = (
				01B97315FEAEA392516A2CEA /* Blocks */,
				29B97315FDCFA39411CA2CEA /* Headers */,
				080E96DDFE201D6D7F000001 /* Source */,
				29B97317FDCFA39411CA2CEA /* Resources */,
				29B97323FDCFA39411CA2CEA /* Frameworks */,
				19C28FACFE9D520D11CA2CBB /* Products */,
			);
			name = hoofeli04;
			sourceTree = "<group>";
		};
		29B97315FDCFA39411CA2CEA /* Headers */ = {
			isa = PBXGroup;
			children = (
				3F20C885286E4C460084A46E /* File.h */,
				3F20C886286E4C460084A46E /* GlobalCom.h */,
				3F20C887286E4C460084A46E /* InstanciedParticles.h */,
				3F20C888286E4C460084A46E /* ReactiveCam.h */,
				3F20C889286E4C460084A46E /* SphereParticle.h */,
				3F20C88A286E4C460084A46E /* XMLcom.h */,
				3F20C88B286E4C460084A46E /* XMLParser.h */,
				4EC3198253D24CB38E356106 /* Resources.h */,
				A8C42786C2704DC0989B0B4C /* hoofeli04_Prefix.pch */,
			);
			name = Headers;
			sourceTree = "<group>";
		};
		29B97317FDCFA39411CA2CEA /* Resources */ = {
			isa = PBXGroup;
			children = (
				3F20C8C02875977E0084A46E /* pass_through.vert */,
				3F20C8BE2875975F0084A46E /* color.frag */,
				3F20C89A286E4C750084A46E /* bloom.frag */,
				3F20C89B286E4C750084A46E /* distance_ligth.frag */,
				3F20C89C286E4C750084A46E /* distance_ligth.vert */,
				3F20C89D286E4C750084A46E /* fxaa.frag */,
				3F20C89F286E4C750084A46E /* hdr.frag */,
				3F20C8A0286E4C750084A46E /* instanced_particles.frag */,
				3F20C8A1286E4C750084A46E /* instanced_particles.vert */,
				3F20C8A2286E4C750084A46E /* phong.frag */,
				3F20C8A3286E4C750084A46E /* phong.vert */,
				3F20C8A5286E4C750084A46E /* wireframe.frag */,
				3F20C8A6286E4C750084A46E /* wireframe.geom */,
				3F20C8A7286E4C750084A46E /* wireframe.vert */,
				7DAFE19EA33048E59CF0B18B /* CinderApp.icns */,
				A8B6EB0508844FCEB0358B9B /* Info.plist */,
			);
			name = Resources;
			sourceTree = "<group>";
		};
		29B97323FDCFA39411CA2CEA /* Frameworks */ = {
			isa = PBXGroup;
			children = (
				1058C7A0FEA54F0111CA2CBB /* Linked Frameworks */,
				1058C7A2FEA54F0111CA2CBB /* Other Frameworks */,
			);
			name = Frameworks;
			sourceTree = "<group>";
		};
/* End PBXGroup section */

/* Begin PBXNativeTarget section */
		8D1107260486CEB800E47090 /* hoofeli04 */ = {
			isa = PBXNativeTarget;
			buildConfigurationList = C01FCF4A08A954540054247B /* Build configuration list for PBXNativeTarget "hoofeli04" */;
			buildPhases = (
				8D1107290486CEB800E47090 /* Resources */,
				8D11072C0486CEB800E47090 /* Sources */,
				8D11072E0486CEB800E47090 /* Frameworks */,
			);
			buildRules = (
			);
			dependencies = (
			);
			name = hoofeli04;
			productInstallPath = "$(HOME)/Applications";
			productName = hoofeli04;
			productReference = 8D1107320486CEB800E47090 /* hoofeli04.app */;
			productType = "com.apple.product-type.application";
		};
/* End PBXNativeTarget section */

/* Begin PBXProject section */
		29B97313FDCFA39411CA2CEA /* Project object */ = {
			isa = PBXProject;
			attributes = {
			};
			buildConfigurationList = C01FCF4E08A954540054247B /* Build configuration list for PBXProject "hoofeli04" */;
			compatibilityVersion = "Xcode 3.2";
			developmentRegion = English;
			hasScannedForEncodings = 1;
			knownRegions = (
				English,
				Japanese,
				French,
				German,
			);
			mainGroup = 29B97314FDCFA39411CA2CEA /* hoofeli04 */;
			projectDirPath = "";
			projectRoot = "";
			targets = (
				8D1107260486CEB800E47090 /* hoofeli04 */,
			);
		};
/* End PBXProject section */

/* Begin PBXResourcesBuildPhase section */
		8D1107290486CEB800E47090 /* Resources */ = {
			isa = PBXResourcesBuildPhase;
			buildActionMask = 2147483647;
			files = (
				3F20C8B0286E4C750084A46E /* phong.frag in Resources */,
				3F20C8AA286E4C750084A46E /* distance_ligth.vert in Resources */,
				D1D7FBA14F3A460C99B27912 /* CinderApp.icns in Resources */,
				3F20C8BF2875975F0084A46E /* color.frag in Resources */,
				3F20C8AD286E4C750084A46E /* hdr.frag in Resources */,
				3F20C8B4286E4C750084A46E /* wireframe.geom in Resources */,
				3F20C8B5286E4C750084A46E /* wireframe.vert in Resources */,
				3F20C8B3286E4C750084A46E /* wireframe.frag in Resources */,
				3F20C8A8286E4C750084A46E /* bloom.frag in Resources */,
				3F20C8AE286E4C750084A46E /* instanced_particles.frag in Resources */,
				3F20C8AB286E4C750084A46E /* fxaa.frag in Resources */,
				3F20C8A9286E4C750084A46E /* distance_ligth.frag in Resources */,
				3F20C8C12875977E0084A46E /* pass_through.vert in Resources */,
				3F20C8B1286E4C750084A46E /* phong.vert in Resources */,
				3F20C8AF286E4C750084A46E /* instanced_particles.vert in Resources */,
			);
			runOnlyForDeploymentPostprocessing = 0;
		};
/* End PBXResourcesBuildPhase section */

/* Begin PBXSourcesBuildPhase section */
		8D11072C0486CEB800E47090 /* Sources */ = {
			isa = PBXSourcesBuildPhase;
			buildActionMask = 2147483647;
			files = (
				3F20C897286E4C550084A46E /* SphereParticle.cpp in Sources */,
				3F20C898286E4C550084A46E /* XMLcom.cpp in Sources */,
				3F20C894286E4C550084A46E /* GlobalCom.cpp in Sources */,
				3F20C895286E4C550084A46E /* InstanciedParticles.cpp in Sources */,
				3F20C899286E4C550084A46E /* XMLParser.cpp in Sources */,
				3F20C896286E4C550084A46E /* ReactiveCam.cpp in Sources */,
				E5137F6C97DD4017BB71A9EB /* hoofeli04App.cpp in Sources */,
				3F20C893286E4C550084A46E /* File.cpp in Sources */,
			);
			runOnlyForDeploymentPostprocessing = 0;
		};
/* End PBXSourcesBuildPhase section */

/* Begin XCBuildConfiguration section */
		C01FCF4B08A954540054247B /* Debug */ = {
			isa = XCBuildConfiguration;
			buildSettings = {
				COMBINE_HIDPI_IMAGES = YES;
				COPY_PHASE_STRIP = NO;
				DEAD_CODE_STRIPPING = YES;
				GCC_DYNAMIC_NO_PIC = NO;
				GCC_INLINES_ARE_PRIVATE_EXTERN = YES;
				GCC_OPTIMIZATION_LEVEL = 0;
				GCC_PRECOMPILE_PREFIX_HEADER = YES;
				GCC_PREFIX_HEADER = hoofeli04_Prefix.pch;
				GCC_PREPROCESSOR_DEFINITIONS = (
					"DEBUG=1",
					"$(inherited)",
				);
				GCC_SYMBOLS_PRIVATE_EXTERN = NO;
				INFOPLIST_FILE = Info.plist;
				INSTALL_PATH = "$(HOME)/Applications";
				OTHER_LDFLAGS = "\"$(CINDER_PATH)/lib/macosx/$(CONFIGURATION)/libcinder.a\"";
				PRODUCT_BUNDLE_IDENTIFIER = "org.libcinder.${PRODUCT_NAME:rfc1034identifier}";
				PRODUCT_NAME = hoofeli04;
				SYMROOT = ./build;
				WRAPPER_EXTENSION = app;
			};
			name = Debug;
		};
		C01FCF4C08A954540054247B /* Release */ = {
			isa = XCBuildConfiguration;
			buildSettings = {
				COMBINE_HIDPI_IMAGES = YES;
				DEAD_CODE_STRIPPING = YES;
				DEBUG_INFORMATION_FORMAT = "dwarf-with-dsym";
				GCC_FAST_MATH = YES;
				GCC_GENERATE_DEBUGGING_SYMBOLS = NO;
				GCC_INLINES_ARE_PRIVATE_EXTERN = YES;
				GCC_OPTIMIZATION_LEVEL = 3;
				GCC_PRECOMPILE_PREFIX_HEADER = YES;
				GCC_PREFIX_HEADER = hoofeli04_Prefix.pch;
				GCC_PREPROCESSOR_DEFINITIONS = (
					"NDEBUG=1",
					"$(inherited)",
				);
				GCC_SYMBOLS_PRIVATE_EXTERN = NO;
				INFOPLIST_FILE = Info.plist;
				INSTALL_PATH = "$(HOME)/Applications";
				OTHER_LDFLAGS = "\"$(CINDER_PATH)/lib/macosx/$(CONFIGURATION)/libcinder.a\"";
				PRODUCT_BUNDLE_IDENTIFIER = "org.libcinder.${PRODUCT_NAME:rfc1034identifier}";
				PRODUCT_NAME = hoofeli04;
				STRIP_INSTALLED_PRODUCT = YES;
				SYMROOT = ./build;
				WRAPPER_EXTENSION = app;
			};
			name = Release;
		};
		C01FCF4F08A954540054247B /* Debug */ = {
			isa = XCBuildConfiguration;
			buildSettings = {
				ALWAYS_SEARCH_USER_PATHS = NO;
				CINDER_PATH = ../../../../..;
				CLANG_CXX_LANGUAGE_STANDARD = "c++11";
				CLANG_CXX_LIBRARY = "libc++";
				ENABLE_TESTABILITY = YES;
				GCC_WARN_ABOUT_RETURN_TYPE = YES;
				GCC_WARN_UNUSED_VARIABLE = YES;
				HEADER_SEARCH_PATHS = "\"$(CINDER_PATH)/include\"";
				MACOSX_DEPLOYMENT_TARGET = 10.8;
				ONLY_ACTIVE_ARCH = YES;
				SDKROOT = macosx;
				USER_HEADER_SEARCH_PATHS = "\"$(CINDER_PATH)/include\" ../include";
			};
			name = Debug;
		};
		C01FCF5008A954540054247B /* Release */ = {
			isa = XCBuildConfiguration;
			buildSettings = {
				ALWAYS_SEARCH_USER_PATHS = NO;
				CINDER_PATH = ../../../../..;
				CLANG_CXX_LANGUAGE_STANDARD = "c++11";
				CLANG_CXX_LIBRARY = "libc++";
				GCC_WARN_ABOUT_RETURN_TYPE = YES;
				GCC_WARN_UNUSED_VARIABLE = YES;
				HEADER_SEARCH_PATHS = "\"$(CINDER_PATH)/include\"";
				MACOSX_DEPLOYMENT_TARGET = 10.8;
				SDKROOT = macosx;
				USER_HEADER_SEARCH_PATHS = "\"$(CINDER_PATH)/include\" ../include";
			};
			name = Release;
		};
/* End XCBuildConfiguration section */

/* Begin XCConfigurationList section */
		C01FCF4A08A954540054247B /* Build configuration list for PBXNativeTarget "hoofeli04" */ = {
			isa = XCConfigurationList;
			buildConfigurations = (
				C01FCF4B08A954540054247B /* Debug */,
				C01FCF4C08A954540054247B /* Release */,
			);
			defaultConfigurationIsVisible = 0;
			defaultConfigurationName = Release;
		};
		C01FCF4E08A954540054247B /* Build configuration list for PBXProject "hoofeli04" */ = {
			isa = XCConfigurationList;
			buildConfigurations = (
				C01FCF4F08A954540054247B /* Debug */,
				C01FCF5008A954540054247B /* Release */,
			);
			defaultConfigurationIsVisible = 0;
			defaultConfigurationName = Release;
		};
/* End XCConfigurationList section */
	};
	rootObject = 29B97313FDCFA39411CA2CEA /* Project object */;
}
