// !$*UTF8*$!
{
	archiveVersion = 1;
	classes = {
	};
	objectVersion = 46;
	objects = {

/* Begin PBXBuildFile section */
		006D720419952D00008149E2 /* AVFoundation.framework in Frameworks */ = {isa = PBXBuildFile; fileRef = 006D720219952D00008149E2 /* AVFoundation.framework */; };
		006D720519952D00008149E2 /* CoreMedia.framework in Frameworks */ = {isa = PBXBuildFile; fileRef = 006D720319952D00008149E2 /* CoreMedia.framework */; };
		0091D8F90E81B9330029341E /* OpenGL.framework in Frameworks */ = {isa = PBXBuildFile; fileRef = 0091D8F80E81B9330029341E /* OpenGL.framework */; };
		00B784B30FF439BC000DE1D7 /* Accelerate.framework in Frameworks */ = {isa = PBXBuildFile; fileRef = 00B784AF0FF439BC000DE1D7 /* Accelerate.framework */; };
		00B784B40FF439BC000DE1D7 /* AudioToolbox.framework in Frameworks */ = {isa = PBXBuildFile; fileRef = 00B784B00FF439BC000DE1D7 /* AudioToolbox.framework */; };
		00B784B50FF439BC000DE1D7 /* AudioUnit.framework in Frameworks */ = {isa = PBXBuildFile; fileRef = 00B784B10FF439BC000DE1D7 /* AudioUnit.framework */; };
		00B784B60FF439BC000DE1D7 /* CoreAudio.framework in Frameworks */ = {isa = PBXBuildFile; fileRef = 00B784B20FF439BC000DE1D7 /* CoreAudio.framework */; };
		00B9955A1B128DF400A5C623 /* IOKit.framework in Frameworks */ = {isa = PBXBuildFile; fileRef = 00B995581B128DF400A5C623 /* IOKit.framework */; };
		00B9955B1B128DF400A5C623 /* IOSurface.framework in Frameworks */ = {isa = PBXBuildFile; fileRef = 00B995591B128DF400A5C623 /* IOSurface.framework */; };
		3F36F98928E63D9B00F695B4 /* File.cpp in Sources */ = {isa = PBXBuildFile; fileRef = 3F36F98428E63D9B00F695B4 /* File.cpp */; };
		3F36F98A28E63D9B00F695B4 /* GlobalCom.cpp in Sources */ = {isa = PBXBuildFile; fileRef = 3F36F98528E63D9B00F695B4 /* GlobalCom.cpp */; };
		3F36F98B28E63D9B00F695B4 /* ReactiveCam.cpp in Sources */ = {isa = PBXBuildFile; fileRef = 3F36F98628E63D9B00F695B4 /* ReactiveCam.cpp */; };
		3F36F98C28E63D9B00F695B4 /* XMLcom.cpp in Sources */ = {isa = PBXBuildFile; fileRef = 3F36F98728E63D9B00F695B4 /* XMLcom.cpp */; };
		3F36F98D28E63D9B00F695B4 /* XMLParser.cpp in Sources */ = {isa = PBXBuildFile; fileRef = 3F36F98828E63D9B00F695B4 /* XMLParser.cpp */; };
		3F36F9A928E7BD9E00F695B4 /* bloom.frag in Resources */ = {isa = PBXBuildFile; fileRef = 3F36F9A028E7BD9E00F695B4 /* bloom.frag */; };
		3F36F9AA28E7BD9E00F695B4 /* trail.frag in Resources */ = {isa = PBXBuildFile; fileRef = 3F36F9A128E7BD9E00F695B4 /* trail.frag */; };
		3F36F9AB28E7BD9E00F695B4 /* fxaa.frag in Resources */ = {isa = PBXBuildFile; fileRef = 3F36F9A228E7BD9E00F695B4 /* fxaa.frag */; };
		3F36F9AC28E7BD9E00F695B4 /* god_rays.frag in Resources */ = {isa = PBXBuildFile; fileRef = 3F36F9A328E7BD9E00F695B4 /* god_rays.frag */; };
		3F36F9AD28E7BD9E00F695B4 /* hdr.frag in Resources */ = {isa = PBXBuildFile; fileRef = 3F36F9A428E7BD9E00F695B4 /* hdr.frag */; };
		3F36F9AE28E7BD9E00F695B4 /* pass_through.vert in Resources */ = {isa = PBXBuildFile; fileRef = 3F36F9A528E7BD9E00F695B4 /* pass_through.vert */; };
		3F36F9AF28E7BD9E00F695B4 /* wireframe.frag in Resources */ = {isa = PBXBuildFile; fileRef = 3F36F9A628E7BD9E00F695B4 /* wireframe.frag */; };
		3F36F9B028E7BD9E00F695B4 /* wireframe.geom in Resources */ = {isa = PBXBuildFile; fileRef = 3F36F9A728E7BD9E00F695B4 /* wireframe.geom */; };
		3F36F9B128E7BD9E00F695B4 /* wireframe.vert in Resources */ = {isa = PBXBuildFile; fileRef = 3F36F9A828E7BD9E00F695B4 /* wireframe.vert */; };
		3F36F9B428F6C0E000F695B4 /* color.frag in Resources */ = {isa = PBXBuildFile; fileRef = 3F36F9B228F6C0E000F695B4 /* color.frag */; };
		3F36F9B528F6C0E000F695B4 /* color.vert in Resources */ = {isa = PBXBuildFile; fileRef = 3F36F9B328F6C0E000F695B4 /* color.vert */; };
		3F5B23C628F77239001059D1 /* color.geom in Resources */ = {isa = PBXBuildFile; fileRef = 3F5B23C528F77239001059D1 /* color.geom */; };
		5323E6B20EAFCA74003A9687 /* CoreVideo.framework in Frameworks */ = {isa = PBXBuildFile; fileRef = 5323E6B10EAFCA74003A9687 /* CoreVideo.framework */; };
		6BF9BEDDA6D84689BA35272A /* Blockletter01App.cpp in Sources */ = {isa = PBXBuildFile; fileRef = C6C6C958EE02403EAC3A5F56 /* Blockletter01App.cpp */; };
		8D11072F0486CEB800E47090 /* Cocoa.framework in Frameworks */ = {isa = PBXBuildFile; fileRef = 1058C7A1FEA54F0111CA2CBB /* Cocoa.framework */; };
/* End PBXBuildFile section */

/* Begin PBXFileReference section */
		006D720219952D00008149E2 /* AVFoundation.framework */ = {isa = PBXFileReference; lastKnownFileType = wrapper.framework; name = AVFoundation.framework; path = System/Library/Frameworks/AVFoundation.framework; sourceTree = SDKROOT; };
		006D720319952D00008149E2 /* CoreMedia.framework */ = {isa = PBXFileReference; lastKnownFileType = wrapper.framework; name = CoreMedia.framework; path = System/Library/Frameworks/CoreMedia.framework; sourceTree = SDKROOT; };
		0091D8F80E81B9330029341E /* OpenGL.framework */ = {isa = PBXFileReference; lastKnownFileType = wrapper.framework; name = OpenGL.framework; path = /System/Library/Frameworks/OpenGL.framework; sourceTree = "<absolute>"; };
		00B784AF0FF439BC000DE1D7 /* Accelerate.framework */ = {isa = PBXFileReference; lastKnownFileType = wrapper.framework; name = Accelerate.framework; path = System/Library/Frameworks/Accelerate.framework; sourceTree = SDKROOT; };
		00B784B00FF439BC000DE1D7 /* AudioToolbox.framework */ = {isa = PBXFileReference; lastKnownFileType = wrapper.framework; name = AudioToolbox.framework; path = System/Library/Frameworks/AudioToolbox.framework; sourceTree = SDKROOT; };
		00B784B10FF439BC000DE1D7 /* AudioUnit.framework */ = {isa = PBXFileReference; lastKnownFileType = wrapper.framework; name = AudioUnit.framework; path = System/Library/Frameworks/AudioUnit.framework; sourceTree = SDKROOT; };
		00B784B20FF439BC000DE1D7 /* CoreAudio.framework */ = {isa = PBXFileReference; lastKnownFileType = wrapper.framework; name = CoreAudio.framework; path = System/Library/Frameworks/CoreAudio.framework; sourceTree = SDKROOT; };
		00B995581B128DF400A5C623 /* IOKit.framework */ = {isa = PBXFileReference; lastKnownFileType = wrapper.framework; name = IOKit.framework; path = System/Library/Frameworks/IOKit.framework; sourceTree = SDKROOT; };
		00B995591B128DF400A5C623 /* IOSurface.framework */ = {isa = PBXFileReference; lastKnownFileType = wrapper.framework; name = IOSurface.framework; path = System/Library/Frameworks/IOSurface.framework; sourceTree = SDKROOT; };
		1058C7A1FEA54F0111CA2CBB /* Cocoa.framework */ = {isa = PBXFileReference; lastKnownFileType = wrapper.framework; name = Cocoa.framework; path = /System/Library/Frameworks/Cocoa.framework; sourceTree = "<absolute>"; };
		29B97324FDCFA39411CA2CEA /* AppKit.framework */ = {isa = PBXFileReference; lastKnownFileType = wrapper.framework; name = AppKit.framework; path = /System/Library/Frameworks/AppKit.framework; sourceTree = "<absolute>"; };
		29B97325FDCFA39411CA2CEA /* Foundation.framework */ = {isa = PBXFileReference; lastKnownFileType = wrapper.framework; name = Foundation.framework; path = /System/Library/Frameworks/Foundation.framework; sourceTree = "<absolute>"; };
		3F36F97F28E63D8D00F695B4 /* File.h */ = {isa = PBXFileReference; fileEncoding = 4; lastKnownFileType = sourcecode.c.h; name = File.h; path = ../include/File.h; sourceTree = "<group>"; };
		3F36F98028E63D8D00F695B4 /* GlobalCom.h */ = {isa = PBXFileReference; fileEncoding = 4; lastKnownFileType = sourcecode.c.h; name = GlobalCom.h; path = ../include/GlobalCom.h; sourceTree = "<group>"; };
		3F36F98128E63D8D00F695B4 /* ReactiveCam.h */ = {isa = PBXFileReference; fileEncoding = 4; lastKnownFileType = sourcecode.c.h; name = ReactiveCam.h; path = ../include/ReactiveCam.h; sourceTree = "<group>"; };
		3F36F98228E63D8D00F695B4 /* XMLcom.h */ = {isa = PBXFileReference; fileEncoding = 4; lastKnownFileType = sourcecode.c.h; name = XMLcom.h; path = ../include/XMLcom.h; sourceTree = "<group>"; };
		3F36F98328E63D8D00F695B4 /* XMLParser.h */ = {isa = PBXFileReference; fileEncoding = 4; lastKnownFileType = sourcecode.c.h; name = XMLParser.h; path = ../include/XMLParser.h; sourceTree = "<group>"; };
		3F36F98428E63D9B00F695B4 /* File.cpp */ = {isa = PBXFileReference; fileEncoding = 4; lastKnownFileType = sourcecode.cpp.cpp; name = File.cpp; path = ../src/File.cpp; sourceTree = "<group>"; };
		3F36F98528E63D9B00F695B4 /* GlobalCom.cpp */ = {isa = PBXFileReference; fileEncoding = 4; lastKnownFileType = sourcecode.cpp.cpp; name = GlobalCom.cpp; path = ../src/GlobalCom.cpp; sourceTree = "<group>"; };
		3F36F98628E63D9B00F695B4 /* ReactiveCam.cpp */ = {isa = PBXFileReference; fileEncoding = 4; lastKnownFileType = sourcecode.cpp.cpp; name = ReactiveCam.cpp; path = ../src/ReactiveCam.cpp; sourceTree = "<group>"; };
		3F36F98728E63D9B00F695B4 /* XMLcom.cpp */ = {isa = PBXFileReference; fileEncoding = 4; lastKnownFileType = sourcecode.cpp.cpp; name = XMLcom.cpp; path = ../src/XMLcom.cpp; sourceTree = "<group>"; };
		3F36F98828E63D9B00F695B4 /* XMLParser.cpp */ = {isa = PBXFileReference; fileEncoding = 4; lastKnownFileType = sourcecode.cpp.cpp; name = XMLParser.cpp; path = ../src/XMLParser.cpp; sourceTree = "<group>"; };
		3F36F9A028E7BD9E00F695B4 /* bloom.frag */ = {isa = PBXFileReference; fileEncoding = 4; lastKnownFileType = sourcecode.glsl; name = bloom.frag; path = ../assets/bloom.frag; sourceTree = "<group>"; };
		3F36F9A128E7BD9E00F695B4 /* trail.frag */ = {isa = PBXFileReference; fileEncoding = 4; lastKnownFileType = sourcecode.glsl; name = trail.frag; path = ../assets/trail.frag; sourceTree = "<group>"; };
		3F36F9A228E7BD9E00F695B4 /* fxaa.frag */ = {isa = PBXFileReference; fileEncoding = 4; lastKnownFileType = sourcecode.glsl; name = fxaa.frag; path = ../assets/fxaa.frag; sourceTree = "<group>"; };
		3F36F9A328E7BD9E00F695B4 /* god_rays.frag */ = {isa = PBXFileReference; fileEncoding = 4; lastKnownFileType = sourcecode.glsl; name = god_rays.frag; path = ../assets/god_rays.frag; sourceTree = "<group>"; };
		3F36F9A428E7BD9E00F695B4 /* hdr.frag */ = {isa = PBXFileReference; fileEncoding = 4; lastKnownFileType = sourcecode.glsl; name = hdr.frag; path = ../assets/hdr.frag; sourceTree = "<group>"; };
		3F36F9A528E7BD9E00F695B4 /* pass_through.vert */ = {isa = PBXFileReference; fileEncoding = 4; lastKnownFileType = sourcecode.glsl; name = pass_through.vert; path = ../assets/pass_through.vert; sourceTree = "<group>"; };
		3F36F9A628E7BD9E00F695B4 /* wireframe.frag */ = {isa = PBXFileReference; fileEncoding = 4; lastKnownFileType = sourcecode.glsl; name = wireframe.frag; path = ../assets/wireframe.frag; sourceTree = "<group>"; };
		3F36F9A728E7BD9E00F695B4 /* wireframe.geom */ = {isa = PBXFileReference; fileEncoding = 4; lastKnownFileType = sourcecode.glsl; name = wireframe.geom; path = ../assets/wireframe.geom; sourceTree = "<group>"; };
		3F36F9A828E7BD9E00F695B4 /* wireframe.vert */ = {isa = PBXFileReference; fileEncoding = 4; lastKnownFileType = sourcecode.glsl; name = wireframe.vert; path = ../assets/wireframe.vert; sourceTree = "<group>"; };
		3F36F9B228F6C0E000F695B4 /* color.frag */ = {isa = PBXFileReference; fileEncoding = 4; lastKnownFileType = sourcecode.glsl; name = color.frag; path = ../assets/color.frag; sourceTree = "<group>"; };
		3F36F9B328F6C0E000F695B4 /* color.vert */ = {isa = PBXFileReference; fileEncoding = 4; lastKnownFileType = sourcecode.glsl; name = color.vert; path = ../assets/color.vert; sourceTree = "<group>"; };
		3F5B23C528F77239001059D1 /* color.geom */ = {isa = PBXFileReference; fileEncoding = 4; lastKnownFileType = sourcecode.glsl; name = color.geom; path = ../assets/color.geom; sourceTree = "<group>"; };
		5323E6B10EAFCA74003A9687 /* CoreVideo.framework */ = {isa = PBXFileReference; lastKnownFileType = wrapper.framework; name = CoreVideo.framework; path = /System/Library/Frameworks/CoreVideo.framework; sourceTree = "<absolute>"; };
		8D1107320486CEB800E47090 /* Blockletter01.app */ = {isa = PBXFileReference; explicitFileType = wrapper.application; includeInIndex = 0; path = Blockletter01.app; sourceTree = BUILT_PRODUCTS_DIR; };
		96D0FD25FEFF4E578832EB0A /* Blockletter01_Prefix.pch */ = {isa = PBXFileReference; lastKnownFileType = "\"\""; path = Blockletter01_Prefix.pch; sourceTree = "<group>"; };
		C6C6C958EE02403EAC3A5F56 /* Blockletter01App.cpp */ = {isa = PBXFileReference; lastKnownFileType = sourcecode.c.cpp; name = Blockletter01App.cpp; path = ../src/Blockletter01App.cpp; sourceTree = "<group>"; };
		ECD819CB2C544BFE8198FA9B /* Resources.h */ = {isa = PBXFileReference; lastKnownFileType = sourcecode.c.h; name = Resources.h; path = ../include/Resources.h; sourceTree = "<group>"; };
/* End PBXFileReference section */

/* Begin PBXFrameworksBuildPhase section */
		8D11072E0486CEB800E47090 /* Frameworks */ = {
			isa = PBXFrameworksBuildPhase;
			buildActionMask = 2147483647;
			files = (
				006D720419952D00008149E2 /* AVFoundation.framework in Frameworks */,
				006D720519952D00008149E2 /* CoreMedia.framework in Frameworks */,
				8D11072F0486CEB800E47090 /* Cocoa.framework in Frameworks */,
				0091D8F90E81B9330029341E /* OpenGL.framework in Frameworks */,
				5323E6B20EAFCA74003A9687 /* CoreVideo.framework in Frameworks */,
				00B784B30FF439BC000DE1D7 /* Accelerate.framework in Frameworks */,
				00B784B40FF439BC000DE1D7 /* AudioToolbox.framework in Frameworks */,
				00B784B50FF439BC000DE1D7 /* AudioUnit.framework in Frameworks */,
				00B784B60FF439BC000DE1D7 /* CoreAudio.framework in Frameworks */,
				00B9955A1B128DF400A5C623 /* IOKit.framework in Frameworks */,
				00B9955B1B128DF400A5C623 /* IOSurface.framework in Frameworks */,
			);
			runOnlyForDeploymentPostprocessing = 0;
		};
/* End PBXFrameworksBuildPhase section */

/* Begin PBXGroup section */
		01B97315FEAEA392516A2CEA /* Blocks */ = {
			isa = PBXGroup;
			children = (
			);
			name = Blocks;
			sourceTree = "<group>";
		};
		080E96DDFE201D6D7F000001 /* Source */ = {
			isa = PBXGroup;
			children = (
				C6C6C958EE02403EAC3A5F56 /* Blockletter01App.cpp */,
				3F36F98428E63D9B00F695B4 /* File.cpp */,
				3F36F98528E63D9B00F695B4 /* GlobalCom.cpp */,
				3F36F98628E63D9B00F695B4 /* ReactiveCam.cpp */,
				3F36F98728E63D9B00F695B4 /* XMLcom.cpp */,
				3F36F98828E63D9B00F695B4 /* XMLParser.cpp */,
			);
			name = Source;
			sourceTree = "<group>";
		};
		1058C7A0FEA54F0111CA2CBB /* Linked Frameworks */ = {
			isa = PBXGroup;
			children = (
				006D720219952D00008149E2 /* AVFoundation.framework */,
				006D720319952D00008149E2 /* CoreMedia.framework */,
				00B784AF0FF439BC000DE1D7 /* Accelerate.framework */,
				00B784B00FF439BC000DE1D7 /* AudioToolbox.framework */,
				00B784B10FF439BC000DE1D7 /* AudioUnit.framework */,
				00B784B20FF439BC000DE1D7 /* CoreAudio.framework */,
				5323E6B10EAFCA74003A9687 /* CoreVideo.framework */,
				0091D8F80E81B9330029341E /* OpenGL.framework */,
				1058C7A1FEA54F0111CA2CBB /* Cocoa.framework */,
				00B995581B128DF400A5C623 /* IOKit.framework */,
				00B995591B128DF400A5C623 /* IOSurface.framework */,
			);
			name = "Linked Frameworks";
			sourceTree = "<group>";
		};
		1058C7A2FEA54F0111CA2CBB /* Other Frameworks */ = {
			isa = PBXGroup;
			children = (
				29B97324FDCFA39411CA2CEA /* AppKit.framework */,
				29B97325FDCFA39411CA2CEA /* Foundation.framework */,
			);
			name = "Other Frameworks";
			sourceTree = "<group>";
		};
		19C28FACFE9D520D11CA2CBB /* Products */ = {
			isa = PBXGroup;
			children = (
				8D1107320486CEB800E47090 /* Blockletter01.app */,
			);
			name = Products;
			sourceTree = "<group>";
		};
		29B97314FDCFA39411CA2CEA /* Blockletter01 */ = {
			isa = PBXGroup;
			children = (
				01B97315FEAEA392516A2CEA /* Blocks */,
				29B97315FDCFA39411CA2CEA /* Headers */,
				080E96DDFE201D6D7F000001 /* Source */,
				3F36F99F28E7BD6500F695B4 /* Resources */,
				29B97323FDCFA39411CA2CEA /* Frameworks */,
				19C28FACFE9D520D11CA2CBB /* Products */,
			);
			name = Blockletter01;
			sourceTree = "<group>";
		};
		29B97315FDCFA39411CA2CEA /* Headers */ = {
			isa = PBXGroup;
			children = (
				3F36F97F28E63D8D00F695B4 /* File.h */,
				3F36F98028E63D8D00F695B4 /* GlobalCom.h */,
				3F36F98128E63D8D00F695B4 /* ReactiveCam.h */,
				3F36F98228E63D8D00F695B4 /* XMLcom.h */,
				3F36F98328E63D8D00F695B4 /* XMLParser.h */,
				ECD819CB2C544BFE8198FA9B /* Resources.h */,
				96D0FD25FEFF4E578832EB0A /* Blockletter01_Prefix.pch */,
			);
			name = Headers;
			sourceTree = "<group>";
		};
		29B97323FDCFA39411CA2CEA /* Frameworks */ = {
			isa = PBXGroup;
			children = (
				1058C7A0FEA54F0111CA2CBB /* Linked Frameworks */,
				1058C7A2FEA54F0111CA2CBB /* Other Frameworks */,
			);
			name = Frameworks;
			sourceTree = "<group>";
		};
		3F36F99F28E7BD6500F695B4 /* Resources */ = {
			isa = PBXGroup;
			children = (
				3F36F9B228F6C0E000F695B4 /* color.frag */,
				3F5B23C528F77239001059D1 /* color.geom */,
				3F36F9B328F6C0E000F695B4 /* color.vert */,
				3F36F9A028E7BD9E00F695B4 /* bloom.frag */,
				3F36F9A128E7BD9E00F695B4 /* trail.frag */,
				3F36F9A228E7BD9E00F695B4 /* fxaa.frag */,
				3F36F9A328E7BD9E00F695B4 /* god_rays.frag */,
				3F36F9A428E7BD9E00F695B4 /* hdr.frag */,
				3F36F9A528E7BD9E00F695B4 /* pass_through.vert */,
				3F36F9A628E7BD9E00F695B4 /* wireframe.frag */,
				3F36F9A728E7BD9E00F695B4 /* wireframe.geom */,
				3F36F9A828E7BD9E00F695B4 /* wireframe.vert */,
			);
			name = Resources;
			sourceTree = "<group>";
		};
/* End PBXGroup section */

/* Begin PBXNativeTarget section */
		8D1107260486CEB800E47090 /* Blockletter01 */ = {
			isa = PBXNativeTarget;
			buildConfigurationList = C01FCF4A08A954540054247B /* Build configuration list for PBXNativeTarget "Blockletter01" */;
			buildPhases = (
				8D1107290486CEB800E47090 /* Resources */,
				8D11072C0486CEB800E47090 /* Sources */,
				8D11072E0486CEB800E47090 /* Frameworks */,
			);
			buildRules = (
			);
			dependencies = (
			);
			name = Blockletter01;
			productInstallPath = "$(HOME)/Applications";
			productName = Blockletter01;
			productReference = 8D1107320486CEB800E47090 /* Blockletter01.app */;
			productType = "com.apple.product-type.application";
		};
/* End PBXNativeTarget section */

/* Begin PBXProject section */
		29B97313FDCFA39411CA2CEA /* Project object */ = {
			isa = PBXProject;
			attributes = {
			};
			buildConfigurationList = C01FCF4E08A954540054247B /* Build configuration list for PBXProject "Blockletter01" */;
			compatibilityVersion = "Xcode 3.2";
			developmentRegion = English;
			hasScannedForEncodings = 1;
			knownRegions = (
				English,
				Japanese,
				French,
				German,
			);
			mainGroup = 29B97314FDCFA39411CA2CEA /* Blockletter01 */;
			projectDirPath = "";
			projectRoot = "";
			targets = (
				8D1107260486CEB800E47090 /* Blockletter01 */,
			);
		};
/* End PBXProject section */

/* Begin PBXResourcesBuildPhase section */
		8D1107290486CEB800E47090 /* Resources */ = {
			isa = PBXResourcesBuildPhase;
			buildActionMask = 2147483647;
			files = (
				3F36F9A928E7BD9E00F695B4 /* bloom.frag in Resources */,
				3F36F9B528F6C0E000F695B4 /* color.vert in Resources */,
				3F36F9AF28E7BD9E00F695B4 /* wireframe.frag in Resources */,
				3F5B23C628F77239001059D1 /* color.geom in Resources */,
				3F36F9B128E7BD9E00F695B4 /* wireframe.vert in Resources */,
				3F36F9AD28E7BD9E00F695B4 /* hdr.frag in Resources */,
				3F36F9AA28E7BD9E00F695B4 /* trail.frag in Resources */,
				3F36F9B428F6C0E000F695B4 /* color.frag in Resources */,
				3F36F9AE28E7BD9E00F695B4 /* pass_through.vert in Resources */,
				3F36F9AB28E7BD9E00F695B4 /* fxaa.frag in Resources */,
				3F36F9B028E7BD9E00F695B4 /* wireframe.geom in Resources */,
				3F36F9AC28E7BD9E00F695B4 /* god_rays.frag in Resources */,
			);
			runOnlyForDeploymentPostprocessing = 0;
		};
/* End PBXResourcesBuildPhase section */

/* Begin PBXSourcesBuildPhase section */
		8D11072C0486CEB800E47090 /* Sources */ = {
			isa = PBXSourcesBuildPhase;
			buildActionMask = 2147483647;
			files = (
				3F36F98B28E63D9B00F695B4 /* ReactiveCam.cpp in Sources */,
				3F36F98C28E63D9B00F695B4 /* XMLcom.cpp in Sources */,
				3F36F98D28E63D9B00F695B4 /* XMLParser.cpp in Sources */,
				3F36F98A28E63D9B00F695B4 /* GlobalCom.cpp in Sources */,
				6BF9BEDDA6D84689BA35272A /* Blockletter01App.cpp in Sources */,
				3F36F98928E63D9B00F695B4 /* File.cpp in Sources */,
			);
			runOnlyForDeploymentPostprocessing = 0;
		};
/* End PBXSourcesBuildPhase section */

/* Begin XCBuildConfiguration section */
		C01FCF4B08A954540054247B /* Debug */ = {
			isa = XCBuildConfiguration;
			buildSettings = {
				COMBINE_HIDPI_IMAGES = YES;
				COPY_PHASE_STRIP = NO;
				DEAD_CODE_STRIPPING = YES;
				GCC_DYNAMIC_NO_PIC = NO;
				GCC_INLINES_ARE_PRIVATE_EXTERN = YES;
				GCC_OPTIMIZATION_LEVEL = 0;
				GCC_PRECOMPILE_PREFIX_HEADER = YES;
				GCC_PREFIX_HEADER = Blockletter01_Prefix.pch;
				GCC_PREPROCESSOR_DEFINITIONS = (
					"DEBUG=1",
					"$(inherited)",
				);
				GCC_SYMBOLS_PRIVATE_EXTERN = NO;
				INFOPLIST_FILE = Info.plist;
				INSTALL_PATH = "$(HOME)/Applications";
				OTHER_LDFLAGS = "\"$(CINDER_PATH)/lib/macosx/$(CONFIGURATION)/libcinder.a\"";
				PRODUCT_BUNDLE_IDENTIFIER = "org.libcinder.${PRODUCT_NAME:rfc1034identifier}";
				PRODUCT_NAME = Blockletter01;
				SYMROOT = ./build;
				WRAPPER_EXTENSION = app;
			};
			name = Debug;
		};
		C01FCF4C08A954540054247B /* Release */ = {
			isa = XCBuildConfiguration;
			buildSettings = {
				COMBINE_HIDPI_IMAGES = YES;
				DEAD_CODE_STRIPPING = YES;
				DEBUG_INFORMATION_FORMAT = "dwarf-with-dsym";
				GCC_FAST_MATH = YES;
				GCC_GENERATE_DEBUGGING_SYMBOLS = NO;
				GCC_INLINES_ARE_PRIVATE_EXTERN = YES;
				GCC_OPTIMIZATION_LEVEL = 3;
				GCC_PRECOMPILE_PREFIX_HEADER = YES;
				GCC_PREFIX_HEADER = Blockletter01_Prefix.pch;
				GCC_PREPROCESSOR_DEFINITIONS = (
					"NDEBUG=1",
					"$(inherited)",
				);
				GCC_SYMBOLS_PRIVATE_EXTERN = NO;
				INFOPLIST_FILE = Info.plist;
				INSTALL_PATH = "$(HOME)/Applications";
				OTHER_LDFLAGS = "\"$(CINDER_PATH)/lib/macosx/$(CONFIGURATION)/libcinder.a\"";
				PRODUCT_BUNDLE_IDENTIFIER = "org.libcinder.${PRODUCT_NAME:rfc1034identifier}";
				PRODUCT_NAME = Blockletter01;
				STRIP_INSTALLED_PRODUCT = YES;
				SYMROOT = ./build;
				WRAPPER_EXTENSION = app;
			};
			name = Release;
		};
		C01FCF4F08A954540054247B /* Debug */ = {
			isa = XCBuildConfiguration;
			buildSettings = {
				ALWAYS_SEARCH_USER_PATHS = NO;
				CINDER_PATH = ../../../../..;
				CLANG_CXX_LANGUAGE_STANDARD = "c++11";
				CLANG_CXX_LIBRARY = "libc++";
				ENABLE_TESTABILITY = YES;
				GCC_WARN_ABOUT_RETURN_TYPE = YES;
				GCC_WARN_UNUSED_VARIABLE = YES;
				HEADER_SEARCH_PATHS = "\"$(CINDER_PATH)/include\"";
				MACOSX_DEPLOYMENT_TARGET = 10.8;
				ONLY_ACTIVE_ARCH = YES;
				SDKROOT = macosx;
				USER_HEADER_SEARCH_PATHS = "\"$(CINDER_PATH)/include\" ../include";
			};
			name = Debug;
		};
		C01FCF5008A954540054247B /* Release */ = {
			isa = XCBuildConfiguration;
			buildSettings = {
				ALWAYS_SEARCH_USER_PATHS = NO;
				CINDER_PATH = ../../../../..;
				CLANG_CXX_LANGUAGE_STANDARD = "c++11";
				CLANG_CXX_LIBRARY = "libc++";
				GCC_WARN_ABOUT_RETURN_TYPE = YES;
				GCC_WARN_UNUSED_VARIABLE = YES;
				HEADER_SEARCH_PATHS = "\"$(CINDER_PATH)/include\"";
				MACOSX_DEPLOYMENT_TARGET = 10.8;
				SDKROOT = macosx;
				USER_HEADER_SEARCH_PATHS = "\"$(CINDER_PATH)/include\" ../include";
			};
			name = Release;
		};
/* End XCBuildConfiguration section */

/* Begin XCConfigurationList section */
		C01FCF4A08A954540054247B /* Build configuration list for PBXNativeTarget "Blockletter01" */ = {
			isa = XCConfigurationList;
			buildConfigurations = (
				C01FCF4B08A954540054247B /* Debug */,
				C01FCF4C08A954540054247B /* Release */,
			);
			defaultConfigurationIsVisible = 0;
			defaultConfigurationName = Release;
		};
		C01FCF4E08A954540054247B /* Build configuration list for PBXProject "Blockletter01" */ = {
			isa = XCConfigurationList;
			buildConfigurations = (
				C01FCF4F08A954540054247B /* Debug */,
				C01FCF5008A954540054247B /* Release */,
			);
			defaultConfigurationIsVisible = 0;
			defaultConfigurationName = Release;
		};
/* End XCConfigurationList section */
	};
	rootObject = 29B97313FDCFA39411CA2CEA /* Project object */;
}
