// !$*UTF8*$!
{
	archiveVersion = 1;
	classes = {
	};
	objectVersion = 46;
	objects = {

/* Begin PBXBuildFile section */
		006D720419952D00008149E2 /* AVFoundation.framework in Frameworks */ = {isa = PBXBuildFile; fileRef = 006D720219952D00008149E2 /* AVFoundation.framework */; };
		006D720519952D00008149E2 /* CoreMedia.framework in Frameworks */ = {isa = PBXBuildFile; fileRef = 006D720319952D00008149E2 /* CoreMedia.framework */; };
		0091D8F90E81B9330029341E /* OpenGL.framework in Frameworks */ = {isa = PBXBuildFile; fileRef = 0091D8F80E81B9330029341E /* OpenGL.framework */; };
		00B784B30FF439BC000DE1D7 /* Accelerate.framework in Frameworks */ = {isa = PBXBuildFile; fileRef = 00B784AF0FF439BC000DE1D7 /* Accelerate.framework */; };
		00B784B40FF439BC000DE1D7 /* AudioToolbox.framework in Frameworks */ = {isa = PBXBuildFile; fileRef = 00B784B00FF439BC000DE1D7 /* AudioToolbox.framework */; };
		00B784B50FF439BC000DE1D7 /* AudioUnit.framework in Frameworks */ = {isa = PBXBuildFile; fileRef = 00B784B10FF439BC000DE1D7 /* AudioUnit.framework */; };
		00B784B60FF439BC000DE1D7 /* CoreAudio.framework in Frameworks */ = {isa = PBXBuildFile; fileRef = 00B784B20FF439BC000DE1D7 /* CoreAudio.framework */; };
		00B9955A1B128DF400A5C623 /* IOKit.framework in Frameworks */ = {isa = PBXBuildFile; fileRef = 00B995581B128DF400A5C623 /* IOKit.framework */; };
		00B9955B1B128DF400A5C623 /* IOSurface.framework in Frameworks */ = {isa = PBXBuildFile; fileRef = 00B995591B128DF400A5C623 /* IOSurface.framework */; };
		3F2875FA267FD6370075C3A0 /* TF_Particles.cpp in Sources */ = {isa = PBXBuildFile; fileRef = 3F2875F8267FD6370075C3A0 /* TF_Particles.cpp */; };
		3F2875FB267FD6370075C3A0 /* DeformedSphere.cpp in Sources */ = {isa = PBXBuildFile; fileRef = 3F2875F9267FD6370075C3A0 /* DeformedSphere.cpp */; };
		3F2875FE267FD6730075C3A0 /* Model.cpp in Sources */ = {isa = PBXBuildFile; fileRef = 3F2875FD267FD6730075C3A0 /* Model.cpp */; };
		3F287606267FD6900075C3A0 /* shader.vert in Resources */ = {isa = PBXBuildFile; fileRef = 3F2875FF267FD6900075C3A0 /* shader.vert */; };
		3F287607267FD6900075C3A0 /* shader.frag in Resources */ = {isa = PBXBuildFile; fileRef = 3F287600267FD6900075C3A0 /* shader.frag */; };
		3F287608267FD6900075C3A0 /* pass_through.vert in Resources */ = {isa = PBXBuildFile; fileRef = 3F287601267FD6900075C3A0 /* pass_through.vert */; };
		3F287609267FD6900075C3A0 /* highpass.frag in Resources */ = {isa = PBXBuildFile; fileRef = 3F287602267FD6900075C3A0 /* highpass.frag */; };
		3F28760A267FD6900075C3A0 /* composite.frag in Resources */ = {isa = PBXBuildFile; fileRef = 3F287603267FD6900075C3A0 /* composite.frag */; };
		3F28760B267FD6900075C3A0 /* color.frag in Resources */ = {isa = PBXBuildFile; fileRef = 3F287604267FD6900075C3A0 /* color.frag */; };
		3F28760C267FD6900075C3A0 /* blur.frag in Resources */ = {isa = PBXBuildFile; fileRef = 3F287605267FD6900075C3A0 /* blur.frag */; };
		3F287613267FD6A20075C3A0 /* fxaa.frag in Resources */ = {isa = PBXBuildFile; fileRef = 3F28760D267FD6A20075C3A0 /* fxaa.frag */; };
		3F287614267FD6A20075C3A0 /* updateSmoke.vert in Resources */ = {isa = PBXBuildFile; fileRef = 3F28760E267FD6A20075C3A0 /* updateSmoke.vert */; };
		3F287615267FD6A20075C3A0 /* updateSmoke.geom in Resources */ = {isa = PBXBuildFile; fileRef = 3F28760F267FD6A20075C3A0 /* updateSmoke.geom */; };
		3F287616267FD6A20075C3A0 /* renderSmoke.vert in Resources */ = {isa = PBXBuildFile; fileRef = 3F287610267FD6A20075C3A0 /* renderSmoke.vert */; };
		3F287617267FD6A20075C3A0 /* renderSmoke.geom in Resources */ = {isa = PBXBuildFile; fileRef = 3F287611267FD6A20075C3A0 /* renderSmoke.geom */; };
		3F287618267FD6A20075C3A0 /* renderSmoke.frag in Resources */ = {isa = PBXBuildFile; fileRef = 3F287612267FD6A20075C3A0 /* renderSmoke.frag */; };
		5323E6B20EAFCA74003A9687 /* CoreVideo.framework in Frameworks */ = {isa = PBXBuildFile; fileRef = 5323E6B10EAFCA74003A9687 /* CoreVideo.framework */; };
		8A0FB1557B194F769F707204 /* CinderApp.icns in Resources */ = {isa = PBXBuildFile; fileRef = A30744C651BE4B0996D326BD /* CinderApp.icns */; };
		8D11072F0486CEB800E47090 /* Cocoa.framework in Frameworks */ = {isa = PBXBuildFile; fileRef = 1058C7A1FEA54F0111CA2CBB /* Cocoa.framework */; };
		FA5F325F3D6549A882E61239 /* deformedSphereMappingV2App.cpp in Sources */ = {isa = PBXBuildFile; fileRef = 119C6AD80C74461CAA2260A8 /* deformedSphereMappingV2App.cpp */; };
/* End PBXBuildFile section */

/* Begin PBXFileReference section */
		006D720219952D00008149E2 /* AVFoundation.framework */ = {isa = PBXFileReference; lastKnownFileType = wrapper.framework; name = AVFoundation.framework; path = System/Library/Frameworks/AVFoundation.framework; sourceTree = SDKROOT; };
		006D720319952D00008149E2 /* CoreMedia.framework */ = {isa = PBXFileReference; lastKnownFileType = wrapper.framework; name = CoreMedia.framework; path = System/Library/Frameworks/CoreMedia.framework; sourceTree = SDKROOT; };
		0091D8F80E81B9330029341E /* OpenGL.framework */ = {isa = PBXFileReference; lastKnownFileType = wrapper.framework; name = OpenGL.framework; path = /System/Library/Frameworks/OpenGL.framework; sourceTree = "<absolute>"; };
		00B784AF0FF439BC000DE1D7 /* Accelerate.framework */ = {isa = PBXFileReference; lastKnownFileType = wrapper.framework; name = Accelerate.framework; path = System/Library/Frameworks/Accelerate.framework; sourceTree = SDKROOT; };
		00B784B00FF439BC000DE1D7 /* AudioToolbox.framework */ = {isa = PBXFileReference; lastKnownFileType = wrapper.framework; name = AudioToolbox.framework; path = System/Library/Frameworks/AudioToolbox.framework; sourceTree = SDKROOT; };
		00B784B10FF439BC000DE1D7 /* AudioUnit.framework */ = {isa = PBXFileReference; lastKnownFileType = wrapper.framework; name = AudioUnit.framework; path = System/Library/Frameworks/AudioUnit.framework; sourceTree = SDKROOT; };
		00B784B20FF439BC000DE1D7 /* CoreAudio.framework */ = {isa = PBXFileReference; lastKnownFileType = wrapper.framework; name = CoreAudio.framework; path = System/Library/Frameworks/CoreAudio.framework; sourceTree = SDKROOT; };
		00B995581B128DF400A5C623 /* IOKit.framework */ = {isa = PBXFileReference; lastKnownFileType = wrapper.framework; name = IOKit.framework; path = System/Library/Frameworks/IOKit.framework; sourceTree = SDKROOT; };
		00B995591B128DF400A5C623 /* IOSurface.framework */ = {isa = PBXFileReference; lastKnownFileType = wrapper.framework; name = IOSurface.framework; path = System/Library/Frameworks/IOSurface.framework; sourceTree = SDKROOT; };
		05532A6DF4344E28BD96939E /* deformedSphereMappingV2_Prefix.pch */ = {isa = PBXFileReference; lastKnownFileType = "\"\""; path = deformedSphereMappingV2_Prefix.pch; sourceTree = "<group>"; };
		1058C7A1FEA54F0111CA2CBB /* Cocoa.framework */ = {isa = PBXFileReference; lastKnownFileType = wrapper.framework; name = Cocoa.framework; path = /System/Library/Frameworks/Cocoa.framework; sourceTree = "<absolute>"; };
		119C6AD80C74461CAA2260A8 /* deformedSphereMappingV2App.cpp */ = {isa = PBXFileReference; lastKnownFileType = sourcecode.c.cpp; name = deformedSphereMappingV2App.cpp; path = ../src/deformedSphereMappingV2App.cpp; sourceTree = "<group>"; };
		29B97324FDCFA39411CA2CEA /* AppKit.framework */ = {isa = PBXFileReference; lastKnownFileType = wrapper.framework; name = AppKit.framework; path = /System/Library/Frameworks/AppKit.framework; sourceTree = "<absolute>"; };
		29B97325FDCFA39411CA2CEA /* Foundation.framework */ = {isa = PBXFileReference; lastKnownFileType = wrapper.framework; name = Foundation.framework; path = /System/Library/Frameworks/Foundation.framework; sourceTree = "<absolute>"; };
		3F2875F4267FD59D0075C3A0 /* TF_Particles.h */ = {isa = PBXFileReference; fileEncoding = 4; lastKnownFileType = sourcecode.c.h; name = TF_Particles.h; path = ../include/TF_Particles.h; sourceTree = "<group>"; };
		3F2875F7267FD59D0075C3A0 /* DeformedSphere.h */ = {isa = PBXFileReference; fileEncoding = 4; lastKnownFileType = sourcecode.c.h; name = DeformedSphere.h; path = ../include/DeformedSphere.h; sourceTree = "<group>"; };
		3F2875F8267FD6370075C3A0 /* TF_Particles.cpp */ = {isa = PBXFileReference; fileEncoding = 4; lastKnownFileType = sourcecode.cpp.cpp; name = TF_Particles.cpp; path = ../src/TF_Particles.cpp; sourceTree = "<group>"; };
		3F2875F9267FD6370075C3A0 /* DeformedSphere.cpp */ = {isa = PBXFileReference; fileEncoding = 4; lastKnownFileType = sourcecode.cpp.cpp; name = DeformedSphere.cpp; path = ../src/DeformedSphere.cpp; sourceTree = "<group>"; };
		3F2875FC267FD6690075C3A0 /* Model.h */ = {isa = PBXFileReference; fileEncoding = 4; lastKnownFileType = sourcecode.c.h; name = Model.h; path = ../include/Model.h; sourceTree = "<group>"; };
		3F2875FD267FD6730075C3A0 /* Model.cpp */ = {isa = PBXFileReference; fileEncoding = 4; lastKnownFileType = sourcecode.cpp.cpp; name = Model.cpp; path = ../src/Model.cpp; sourceTree = "<group>"; };
		3F2875FF267FD6900075C3A0 /* shader.vert */ = {isa = PBXFileReference; fileEncoding = 4; lastKnownFileType = sourcecode.glsl; name = shader.vert; path = ../assets/sphere/shader.vert; sourceTree = "<group>"; };
		3F287600267FD6900075C3A0 /* shader.frag */ = {isa = PBXFileReference; fileEncoding = 4; lastKnownFileType = sourcecode.glsl; name = shader.frag; path = ../assets/sphere/shader.frag; sourceTree = "<group>"; };
		3F287601267FD6900075C3A0 /* pass_through.vert */ = {isa = PBXFileReference; fileEncoding = 4; lastKnownFileType = sourcecode.glsl; name = pass_through.vert; path = ../assets/sphere/pass_through.vert; sourceTree = "<group>"; };
		3F287602267FD6900075C3A0 /* highpass.frag */ = {isa = PBXFileReference; fileEncoding = 4; lastKnownFileType = sourcecode.glsl; name = highpass.frag; path = ../assets/sphere/highpass.frag; sourceTree = "<group>"; };
		3F287603267FD6900075C3A0 /* composite.frag */ = {isa = PBXFileReference; fileEncoding = 4; lastKnownFileType = sourcecode.glsl; name = composite.frag; path = ../assets/sphere/composite.frag; sourceTree = "<group>"; };
		3F287604267FD6900075C3A0 /* color.frag */ = {isa = PBXFileReference; fileEncoding = 4; lastKnownFileType = sourcecode.glsl; name = color.frag; path = ../assets/sphere/color.frag; sourceTree = "<group>"; };
		3F287605267FD6900075C3A0 /* blur.frag */ = {isa = PBXFileReference; fileEncoding = 4; lastKnownFileType = sourcecode.glsl; name = blur.frag; path = ../assets/sphere/blur.frag; sourceTree = "<group>"; };
		3F28760D267FD6A20075C3A0 /* fxaa.frag */ = {isa = PBXFileReference; fileEncoding = 4; lastKnownFileType = sourcecode.glsl; name = fxaa.frag; path = ../assets/post/fxaa.frag; sourceTree = "<group>"; };
		3F28760E267FD6A20075C3A0 /* updateSmoke.vert */ = {isa = PBXFileReference; fileEncoding = 4; lastKnownFileType = sourcecode.glsl; name = updateSmoke.vert; path = ../assets/particles/updateSmoke.vert; sourceTree = "<group>"; };
		3F28760F267FD6A20075C3A0 /* updateSmoke.geom */ = {isa = PBXFileReference; fileEncoding = 4; lastKnownFileType = sourcecode.glsl; name = updateSmoke.geom; path = ../assets/particles/updateSmoke.geom; sourceTree = "<group>"; };
		3F287610267FD6A20075C3A0 /* renderSmoke.vert */ = {isa = PBXFileReference; fileEncoding = 4; lastKnownFileType = sourcecode.glsl; name = renderSmoke.vert; path = ../assets/particles/renderSmoke.vert; sourceTree = "<group>"; };
		3F287611267FD6A20075C3A0 /* renderSmoke.geom */ = {isa = PBXFileReference; fileEncoding = 4; lastKnownFileType = sourcecode.glsl; name = renderSmoke.geom; path = ../assets/particles/renderSmoke.geom; sourceTree = "<group>"; };
		3F287612267FD6A20075C3A0 /* renderSmoke.frag */ = {isa = PBXFileReference; fileEncoding = 4; lastKnownFileType = sourcecode.glsl; name = renderSmoke.frag; path = ../assets/particles/renderSmoke.frag; sourceTree = "<group>"; };
		42FEED6C84974A84AF132A33 /* Resources.h */ = {isa = PBXFileReference; lastKnownFileType = sourcecode.c.h; name = Resources.h; path = ../include/Resources.h; sourceTree = "<group>"; };
		5323E6B10EAFCA74003A9687 /* CoreVideo.framework */ = {isa = PBXFileReference; lastKnownFileType = wrapper.framework; name = CoreVideo.framework; path = /System/Library/Frameworks/CoreVideo.framework; sourceTree = "<absolute>"; };
		8D1107320486CEB800E47090 /* deformedSphereMappingV2.app */ = {isa = PBXFileReference; explicitFileType = wrapper.application; includeInIndex = 0; path = deformedSphereMappingV2.app; sourceTree = BUILT_PRODUCTS_DIR; };
		94DB870F96BB40ABAB089D71 /* Info.plist */ = {isa = PBXFileReference; lastKnownFileType = text.plist.xml; path = Info.plist; sourceTree = "<group>"; };
		A30744C651BE4B0996D326BD /* CinderApp.icns */ = {isa = PBXFileReference; lastKnownFileType = image.icns; name = CinderApp.icns; path = ../resources/CinderApp.icns; sourceTree = "<group>"; };
/* End PBXFileReference section */

/* Begin PBXFrameworksBuildPhase section */
		8D11072E0486CEB800E47090 /* Frameworks */ = {
			isa = PBXFrameworksBuildPhase;
			buildActionMask = 2147483647;
			files = (
				006D720419952D00008149E2 /* AVFoundation.framework in Frameworks */,
				006D720519952D00008149E2 /* CoreMedia.framework in Frameworks */,
				8D11072F0486CEB800E47090 /* Cocoa.framework in Frameworks */,
				0091D8F90E81B9330029341E /* OpenGL.framework in Frameworks */,
				5323E6B20EAFCA74003A9687 /* CoreVideo.framework in Frameworks */,
				00B784B30FF439BC000DE1D7 /* Accelerate.framework in Frameworks */,
				00B784B40FF439BC000DE1D7 /* AudioToolbox.framework in Frameworks */,
				00B784B50FF439BC000DE1D7 /* AudioUnit.framework in Frameworks */,
				00B784B60FF439BC000DE1D7 /* CoreAudio.framework in Frameworks */,
				00B9955A1B128DF400A5C623 /* IOKit.framework in Frameworks */,
				00B9955B1B128DF400A5C623 /* IOSurface.framework in Frameworks */,
			);
			runOnlyForDeploymentPostprocessing = 0;
		};
/* End PBXFrameworksBuildPhase section */

/* Begin PBXGroup section */
		01B97315FEAEA392516A2CEA /* Blocks */ = {
			isa = PBXGroup;
			children = (
			);
			name = Blocks;
			sourceTree = "<group>";
		};
		080E96DDFE201D6D7F000001 /* Source */ = {
			isa = PBXGroup;
			children = (
				119C6AD80C74461CAA2260A8 /* deformedSphereMappingV2App.cpp */,
				3F2875F9267FD6370075C3A0 /* DeformedSphere.cpp */,
				3F2875FD267FD6730075C3A0 /* Model.cpp */,
				3F2875F8267FD6370075C3A0 /* TF_Particles.cpp */,
			);
			name = Source;
			sourceTree = "<group>";
		};
		1058C7A0FEA54F0111CA2CBB /* Linked Frameworks */ = {
			isa = PBXGroup;
			children = (
				006D720219952D00008149E2 /* AVFoundation.framework */,
				006D720319952D00008149E2 /* CoreMedia.framework */,
				00B784AF0FF439BC000DE1D7 /* Accelerate.framework */,
				00B784B00FF439BC000DE1D7 /* AudioToolbox.framework */,
				00B784B10FF439BC000DE1D7 /* AudioUnit.framework */,
				00B784B20FF439BC000DE1D7 /* CoreAudio.framework */,
				5323E6B10EAFCA74003A9687 /* CoreVideo.framework */,
				0091D8F80E81B9330029341E /* OpenGL.framework */,
				1058C7A1FEA54F0111CA2CBB /* Cocoa.framework */,
				00B995581B128DF400A5C623 /* IOKit.framework */,
				00B995591B128DF400A5C623 /* IOSurface.framework */,
			);
			name = "Linked Frameworks";
			sourceTree = "<group>";
		};
		1058C7A2FEA54F0111CA2CBB /* Other Frameworks */ = {
			isa = PBXGroup;
			children = (
				29B97324FDCFA39411CA2CEA /* AppKit.framework */,
				29B97325FDCFA39411CA2CEA /* Foundation.framework */,
			);
			name = "Other Frameworks";
			sourceTree = "<group>";
		};
		19C28FACFE9D520D11CA2CBB /* Products */ = {
			isa = PBXGroup;
			children = (
				8D1107320486CEB800E47090 /* deformedSphereMappingV2.app */,
			);
			name = Products;
			sourceTree = "<group>";
		};
		29B97314FDCFA39411CA2CEA /* deformedSphereMappingV2 */ = {
			isa = PBXGroup;
			children = (
				01B97315FEAEA392516A2CEA /* Blocks */,
				29B97315FDCFA39411CA2CEA /* Headers */,
				080E96DDFE201D6D7F000001 /* Source */,
				29B97317FDCFA39411CA2CEA /* Resources */,
				29B97323FDCFA39411CA2CEA /* Frameworks */,
				19C28FACFE9D520D11CA2CBB /* Products */,
			);
			name = deformedSphereMappingV2;
			sourceTree = "<group>";
		};
		29B97315FDCFA39411CA2CEA /* Headers */ = {
			isa = PBXGroup;
			children = (
				3F2875F7267FD59D0075C3A0 /* DeformedSphere.h */,
				3F2875FC267FD6690075C3A0 /* Model.h */,
				3F2875F4267FD59D0075C3A0 /* TF_Particles.h */,
				42FEED6C84974A84AF132A33 /* Resources.h */,
				05532A6DF4344E28BD96939E /* deformedSphereMappingV2_Prefix.pch */,
			);
			name = Headers;
			sourceTree = "<group>";
		};
		29B97317FDCFA39411CA2CEA /* Resources */ = {
			isa = PBXGroup;
			children = (
				3F287601267FD6900075C3A0 /* pass_through.vert */,
				3F287605267FD6900075C3A0 /* blur.frag */,
				3F287604267FD6900075C3A0 /* color.frag */,
				3F287603267FD6900075C3A0 /* composite.frag */,
				3F28760D267FD6A20075C3A0 /* fxaa.frag */,
				3F287602267FD6900075C3A0 /* highpass.frag */,
				3F28760E267FD6A20075C3A0 /* updateSmoke.vert */,
				3F28760F267FD6A20075C3A0 /* updateSmoke.geom */,
				3F287610267FD6A20075C3A0 /* renderSmoke.vert */,
				3F287611267FD6A20075C3A0 /* renderSmoke.geom */,
				3F287612267FD6A20075C3A0 /* renderSmoke.frag */,
				3F2875FF267FD6900075C3A0 /* shader.vert */,
				3F287600267FD6900075C3A0 /* shader.frag */,
				A30744C651BE4B0996D326BD /* CinderApp.icns */,
				94DB870F96BB40ABAB089D71 /* Info.plist */,
			);
			name = Resources;
			sourceTree = "<group>";
		};
		29B97323FDCFA39411CA2CEA /* Frameworks */ = {
			isa = PBXGroup;
			children = (
				1058C7A0FEA54F0111CA2CBB /* Linked Frameworks */,
				1058C7A2FEA54F0111CA2CBB /* Other Frameworks */,
			);
			name = Frameworks;
			sourceTree = "<group>";
		};
/* End PBXGroup section */

/* Begin PBXNativeTarget section */
		8D1107260486CEB800E47090 /* deformedSphereMappingV2 */ = {
			isa = PBXNativeTarget;
			buildConfigurationList = C01FCF4A08A954540054247B /* Build configuration list for PBXNativeTarget "deformedSphereMappingV2" */;
			buildPhases = (
				8D1107290486CEB800E47090 /* Resources */,
				8D11072C0486CEB800E47090 /* Sources */,
				8D11072E0486CEB800E47090 /* Frameworks */,
			);
			buildRules = (
			);
			dependencies = (
			);
			name = deformedSphereMappingV2;
			productInstallPath = "$(HOME)/Applications";
			productName = deformedSphereMappingV2;
			productReference = 8D1107320486CEB800E47090 /* deformedSphereMappingV2.app */;
			productType = "com.apple.product-type.application";
		};
/* End PBXNativeTarget section */

/* Begin PBXProject section */
		29B97313FDCFA39411CA2CEA /* Project object */ = {
			isa = PBXProject;
			attributes = {
			};
			buildConfigurationList = C01FCF4E08A954540054247B /* Build configuration list for PBXProject "deformedSphereMappingV2" */;
			compatibilityVersion = "Xcode 3.2";
			developmentRegion = English;
			hasScannedForEncodings = 1;
			knownRegions = (
				English,
				Japanese,
				French,
				German,
			);
			mainGroup = 29B97314FDCFA39411CA2CEA /* deformedSphereMappingV2 */;
			projectDirPath = "";
			projectRoot = "";
			targets = (
				8D1107260486CEB800E47090 /* deformedSphereMappingV2 */,
			);
		};
/* End PBXProject section */

/* Begin PBXResourcesBuildPhase section */
		8D1107290486CEB800E47090 /* Resources */ = {
			isa = PBXResourcesBuildPhase;
			buildActionMask = 2147483647;
			files = (
				3F287609267FD6900075C3A0 /* highpass.frag in Resources */,
				3F28760A267FD6900075C3A0 /* composite.frag in Resources */,
				3F287616267FD6A20075C3A0 /* renderSmoke.vert in Resources */,
				3F287607267FD6900075C3A0 /* shader.frag in Resources */,
				3F287614267FD6A20075C3A0 /* updateSmoke.vert in Resources */,
				3F28760B267FD6900075C3A0 /* color.frag in Resources */,
				3F28760C267FD6900075C3A0 /* blur.frag in Resources */,
				3F287613267FD6A20075C3A0 /* fxaa.frag in Resources */,
				3F287615267FD6A20075C3A0 /* updateSmoke.geom in Resources */,
				3F287618267FD6A20075C3A0 /* renderSmoke.frag in Resources */,
				8A0FB1557B194F769F707204 /* CinderApp.icns in Resources */,
				3F287606267FD6900075C3A0 /* shader.vert in Resources */,
				3F287617267FD6A20075C3A0 /* renderSmoke.geom in Resources */,
				3F287608267FD6900075C3A0 /* pass_through.vert in Resources */,
			);
			runOnlyForDeploymentPostprocessing = 0;
		};
/* End PBXResourcesBuildPhase section */

/* Begin PBXSourcesBuildPhase section */
		8D11072C0486CEB800E47090 /* Sources */ = {
			isa = PBXSourcesBuildPhase;
			buildActionMask = 2147483647;
			files = (
				3F2875FB267FD6370075C3A0 /* DeformedSphere.cpp in Sources */,
				FA5F325F3D6549A882E61239 /* deformedSphereMappingV2App.cpp in Sources */,
				3F2875FA267FD6370075C3A0 /* TF_Particles.cpp in Sources */,
				3F2875FE267FD6730075C3A0 /* Model.cpp in Sources */,
			);
			runOnlyForDeploymentPostprocessing = 0;
		};
/* End PBXSourcesBuildPhase section */

/* Begin XCBuildConfiguration section */
		C01FCF4B08A954540054247B /* Debug */ = {
			isa = XCBuildConfiguration;
			buildSettings = {
				COMBINE_HIDPI_IMAGES = YES;
				COPY_PHASE_STRIP = NO;
				DEAD_CODE_STRIPPING = YES;
				GCC_DYNAMIC_NO_PIC = NO;
				GCC_INLINES_ARE_PRIVATE_EXTERN = YES;
				GCC_OPTIMIZATION_LEVEL = 0;
				GCC_PRECOMPILE_PREFIX_HEADER = YES;
				GCC_PREFIX_HEADER = deformedSphereMappingV2_Prefix.pch;
				GCC_PREPROCESSOR_DEFINITIONS = (
					"DEBUG=1",
					"$(inherited)",
				);
				GCC_SYMBOLS_PRIVATE_EXTERN = NO;
				INFOPLIST_FILE = Info.plist;
				INSTALL_PATH = "$(HOME)/Applications";
				OTHER_LDFLAGS = "\"$(CINDER_PATH)/lib/macosx/$(CONFIGURATION)/libcinder.a\"";
				PRODUCT_BUNDLE_IDENTIFIER = "org.libcinder.${PRODUCT_NAME:rfc1034identifier}";
				PRODUCT_NAME = deformedSphereMappingV2;
				SYMROOT = ./build;
				WRAPPER_EXTENSION = app;
			};
			name = Debug;
		};
		C01FCF4C08A954540054247B /* Release */ = {
			isa = XCBuildConfiguration;
			buildSettings = {
				COMBINE_HIDPI_IMAGES = YES;
				DEAD_CODE_STRIPPING = YES;
				DEBUG_INFORMATION_FORMAT = "dwarf-with-dsym";
				GCC_FAST_MATH = YES;
				GCC_GENERATE_DEBUGGING_SYMBOLS = NO;
				GCC_INLINES_ARE_PRIVATE_EXTERN = YES;
				GCC_OPTIMIZATION_LEVEL = 3;
				GCC_PRECOMPILE_PREFIX_HEADER = YES;
				GCC_PREFIX_HEADER = deformedSphereMappingV2_Prefix.pch;
				GCC_PREPROCESSOR_DEFINITIONS = (
					"NDEBUG=1",
					"$(inherited)",
				);
				GCC_SYMBOLS_PRIVATE_EXTERN = NO;
				INFOPLIST_FILE = Info.plist;
				INSTALL_PATH = "$(HOME)/Applications";
				OTHER_LDFLAGS = "\"$(CINDER_PATH)/lib/macosx/$(CONFIGURATION)/libcinder.a\"";
				PRODUCT_BUNDLE_IDENTIFIER = "org.libcinder.${PRODUCT_NAME:rfc1034identifier}";
				PRODUCT_NAME = deformedSphereMappingV2;
				STRIP_INSTALLED_PRODUCT = YES;
				SYMROOT = ./build;
				WRAPPER_EXTENSION = app;
			};
			name = Release;
		};
		C01FCF4F08A954540054247B /* Debug */ = {
			isa = XCBuildConfiguration;
			buildSettings = {
				ALWAYS_SEARCH_USER_PATHS = NO;
				CINDER_PATH = ../../../..;
				CLANG_CXX_LANGUAGE_STANDARD = "c++11";
				CLANG_CXX_LIBRARY = "libc++";
				ENABLE_TESTABILITY = YES;
				GCC_WARN_ABOUT_RETURN_TYPE = YES;
				GCC_WARN_UNUSED_VARIABLE = YES;
				HEADER_SEARCH_PATHS = "\"$(CINDER_PATH)/include\"";
				MACOSX_DEPLOYMENT_TARGET = 10.8;
				ONLY_ACTIVE_ARCH = YES;
				SDKROOT = macosx;
				USER_HEADER_SEARCH_PATHS = "\"$(CINDER_PATH)/include\" ../include";
			};
			name = Debug;
		};
		C01FCF5008A954540054247B /* Release */ = {
			isa = XCBuildConfiguration;
			buildSettings = {
				ALWAYS_SEARCH_USER_PATHS = NO;
				CINDER_PATH = ../../../..;
				CLANG_CXX_LANGUAGE_STANDARD = "c++11";
				CLANG_CXX_LIBRARY = "libc++";
				GCC_WARN_ABOUT_RETURN_TYPE = YES;
				GCC_WARN_UNUSED_VARIABLE = YES;
				HEADER_SEARCH_PATHS = "\"$(CINDER_PATH)/include\"";
				MACOSX_DEPLOYMENT_TARGET = 10.8;
				SDKROOT = macosx;
				USER_HEADER_SEARCH_PATHS = "\"$(CINDER_PATH)/include\" ../include";
			};
			name = Release;
		};
/* End XCBuildConfiguration section */

/* Begin XCConfigurationList section */
		C01FCF4A08A954540054247B /* Build configuration list for PBXNativeTarget "deformedSphereMappingV2" */ = {
			isa = XCConfigurationList;
			buildConfigurations = (
				C01FCF4B08A954540054247B /* Debug */,
				C01FCF4C08A954540054247B /* Release */,
			);
			defaultConfigurationIsVisible = 0;
			defaultConfigurationName = Release;
		};
		C01FCF4E08A954540054247B /* Build configuration list for PBXProject "deformedSphereMappingV2" */ = {
			isa = XCConfigurationList;
			buildConfigurations = (
				C01FCF4F08A954540054247B /* Debug */,
				C01FCF5008A954540054247B /* Release */,
			);
			defaultConfigurationIsVisible = 0;
			defaultConfigurationName = Release;
		};
/* End XCConfigurationList section */
	};
	rootObject = 29B97313FDCFA39411CA2CEA /* Project object */;
}
